
Microsoft Visual Studio Solution File, Format Version 12.00
# Visual Studio Version 17
VisualStudioVersion = 17.10.35122.118
MinimumVisualStudioVersion = 10.0.40219.1
Project("{9A19103F-16F7-4668-BE54-9A1E7A4F7556}") = "Gifter", "Gifter\Gifter.csproj", "{E3A146CD-7F6B-4DAE-8DFF-B9D0D7B557D5}"
EndProject
Project("{FAE04EC0-301F-11D3-BF4B-00C04F79EFBC}") = "Gifter.Tests", "Gifter.Tests\Gifter.Tests.csproj", "{8B53E244-80C0-4A7F-9344-878BC5854970}"
EndProject
Global
	GlobalSection(SolutionConfigurationPlatforms) = preSolution
		Debug|Any CPU = Debug|Any CPU
		Release|Any CPU = Release|Any CPU
	EndGlobalSection
	GlobalSection(ProjectConfigurationPlatforms) = postSolution
		{E3A146CD-7F6B-4DAE-8DFF-B9D0D7B557D5}.Debug|Any CPU.ActiveCfg = Debug|Any CPU
		{E3A146CD-7F6B-4DAE-8DFF-B9D0D7B557D5}.Debug|Any CPU.Build.0 = Debug|Any CPU
		{E3A146CD-7F6B-4DAE-8DFF-B9D0D7B557D5}.Release|Any CPU.ActiveCfg = Release|Any CPU
		{E3A146CD-7F6B-4DAE-8DFF-B9D0D7B557D5}.Release|Any CPU.Build.0 = Release|Any CPU
		{8B53E244-80C0-4A7F-9344-878BC5854970}.Debug|Any CPU.ActiveCfg = Debug|Any CPU
		{8B53E244-80C0-4A7F-9344-878BC5854970}.Debug|Any CPU.Build.0 = Debug|Any CPU
		{8B53E244-80C0-4A7F-9344-878BC5854970}.Release|Any CPU.ActiveCfg = Release|Any CPU
		{8B53E244-80C0-4A7F-9344-878BC5854970}.Release|Any CPU.Build.0 = Release|Any CPU
	EndGlobalSection
	GlobalSection(SolutionProperties) = preSolution
		HideSolutionNode = FALSE
	EndGlobalSection
	GlobalSection(ExtensibilityGlobals) = postSolution
		SolutionGuid = {BE0F3C2D-767F-4B72-A2F8-9422B2ADD5B3}
	EndGlobalSection
EndGlobal
